
Microsoft Visual Studio Solution File, Format Version 12.00
# Visual Studio Version 17
VisualStudioVersion = 17.4.33403.182
MinimumVisualStudioVersion = 10.0.40219.1
Project("{FAE04EC0-301F-11D3-BF4B-00C04F79EFBC}") = "Parcial", "Parcial\Parcial.csproj", "{A33EEDFB-7D89-4794-9A98-FEEC210DA71E}"
EndProject
Global
	GlobalSection(SolutionConfigurationPlatforms) = preSolution
		Debug|Any CPU = Debug|Any CPU
		Release|Any CPU = Release|Any CPU
	EndGlobalSection
	GlobalSection(ProjectConfigurationPlatforms) = postSolution
		{A33EEDFB-7D89-4794-9A98-FEEC210DA71E}.Debug|Any CPU.ActiveCfg = Debug|Any CPU
		{A33EEDFB-7D89-4794-9A98-FEEC210DA71E}.Debug|Any CPU.Build.0 = Debug|Any CPU
		{A33EEDFB-7D89-4794-9A98-FEEC210DA71E}.Release|Any CPU.ActiveCfg = Release|Any CPU
		{A33EEDFB-7D89-4794-9A98-FEEC210DA71E}.Release|Any CPU.Build.0 = Release|Any CPU
	EndGlobalSection
	GlobalSection(SolutionProperties) = preSolution
		HideSolutionNode = FALSE
	EndGlobalSection
	GlobalSection(ExtensibilityGlobals) = postSolution
		SolutionGuid = {68AEB6FD-6494-4651-92C5-82BDD9E523B3}
	EndGlobalSection
EndGlobal
